
Microsoft Visual Studio Solution File, Format Version 12.00
# Visual Studio 15
VisualStudioVersion = 15.0.26430.14
MinimumVisualStudioVersion = 10.0.40219.1
Project("{9A19103F-16F7-4668-BE54-9A1E7A4F7556}") = "ChimpLab.Extensions.Configuration.Json", "src\ChimpLab.Extensions.Configuration.Json\ChimpLab.Extensions.Configuration.Json.csproj", "{A29F456F-331E-4D1A-87E4-E2550ABDF8A1}"
EndProject
Project("{9A19103F-16F7-4668-BE54-9A1E7A4F7556}") = "ChimpLab.Extensions.Configuration.Json.Tests", "tests\ChimpLab.Extensions.Configuration.Json.Tests\ChimpLab.Extensions.Configuration.Json.Tests.csproj", "{5267CB7E-9FAB-49F3-B41A-74C59F22213F}"
EndProject
Global
	GlobalSection(SolutionConfigurationPlatforms) = preSolution
		Debug|Any CPU = Debug|Any CPU
		Release|Any CPU = Release|Any CPU
	EndGlobalSection
	GlobalSection(ProjectConfigurationPlatforms) = postSolution
		{A29F456F-331E-4D1A-87E4-E2550ABDF8A1}.Debug|Any CPU.ActiveCfg = Debug|Any CPU
		{A29F456F-331E-4D1A-87E4-E2550ABDF8A1}.Debug|Any CPU.Build.0 = Debug|Any CPU
		{A29F456F-331E-4D1A-87E4-E2550ABDF8A1}.Release|Any CPU.ActiveCfg = Release|Any CPU
		{A29F456F-331E-4D1A-87E4-E2550ABDF8A1}.Release|Any CPU.Build.0 = Release|Any CPU
		{5267CB7E-9FAB-49F3-B41A-74C59F22213F}.Debug|Any CPU.ActiveCfg = Debug|Any CPU
		{5267CB7E-9FAB-49F3-B41A-74C59F22213F}.Debug|Any CPU.Build.0 = Debug|Any CPU
		{5267CB7E-9FAB-49F3-B41A-74C59F22213F}.Release|Any CPU.ActiveCfg = Release|Any CPU
		{5267CB7E-9FAB-49F3-B41A-74C59F22213F}.Release|Any CPU.Build.0 = Release|Any CPU
	EndGlobalSection
	GlobalSection(SolutionProperties) = preSolution
		HideSolutionNode = FALSE
	EndGlobalSection
EndGlobal
